
Microsoft Visual Studio Solution File, Format Version 12.00
# Visual Studio Version 17
VisualStudioVersion = 17.0.31903.59
MinimumVisualStudioVersion = 10.0.40219.1
Project("{2150E333-8FDC-42A3-9474-1A3956D46DE8}") = "src", "src", "{827E0CD3-B72D-47B6-A68D-7590B98EB39B}"
EndProject
Project("{2150E333-8FDC-42A3-9474-1A3956D46DE8}") = "Host", "Host", "{981C2CF6-E5BB-602A-511C-234B538302B0}"
EndProject
Project("{FAE04EC0-301F-11D3-BF4B-00C04F79EFBC}") = "MonolitoModular.API", "src\Host\MonolitoModular.API\MonolitoModular.API.csproj", "{72E1F7C0-9D97-4456-9B48-6969A7C4F353}"
EndProject
Project("{2150E333-8FDC-42A3-9474-1A3956D46DE8}") = "Shared", "Shared", "{C8E42992-5E42-0C2B-DBFE-AA848D06431C}"
EndProject
Project("{FAE04EC0-301F-11D3-BF4B-00C04F79EFBC}") = "MonolitoModular.SharedKernel", "src\Shared\MonolitoModular.SharedKernel\MonolitoModular.SharedKernel.csproj", "{52AFECE5-E0DA-45FD-A3BB-A935D4B43409}"
EndProject
Project("{2150E333-8FDC-42A3-9474-1A3956D46DE8}") = "Modules", "Modules", "{EC447DCF-ABFA-6E24-52A5-D7FD48A5C558}"
EndProject
Project("{2150E333-8FDC-42A3-9474-1A3956D46DE8}") = "Clientes", "Clientes", "{2729DC6D-1608-AC2B-0D89-EF16FD55295B}"
EndProject
Project("{FAE04EC0-301F-11D3-BF4B-00C04F79EFBC}") = "MonolitoModular.Clientes", "src\Modules\Clientes\MonolitoModular.Clientes.csproj", "{AB6FE565-4FC2-4D28-9A9A-DA400E97B2F9}"
EndProject
Project("{2150E333-8FDC-42A3-9474-1A3956D46DE8}") = "Creditos", "Creditos", "{8D84ECC2-B305-6B51-D853-0BCFFBD0EECB}"
EndProject
Project("{FAE04EC0-301F-11D3-BF4B-00C04F79EFBC}") = "MonolitoModular.Creditos", "src\Modules\Creditos\MonolitoModular.Creditos.csproj", "{3BC388EE-A78E-4B44-8304-57A51F648D0E}"
EndProject
Project("{2150E333-8FDC-42A3-9474-1A3956D46DE8}") = "CajaDeAhorro", "CajaDeAhorro", "{93E646ED-08DB-65F1-C0C1-3C73F40942E4}"
EndProject
Project("{FAE04EC0-301F-11D3-BF4B-00C04F79EFBC}") = "MonolitoModular.CajaDeAhorro", "src\Modules\CajaDeAhorro\MonolitoModular.CajaDeAhorro.csproj", "{702D6A9F-52C8-4471-8312-4C62C78E5207}"
EndProject
Global
	GlobalSection(SolutionConfigurationPlatforms) = preSolution
		Debug|Any CPU = Debug|Any CPU
		Debug|x64 = Debug|x64
		Debug|x86 = Debug|x86
		Release|Any CPU = Release|Any CPU
		Release|x64 = Release|x64
		Release|x86 = Release|x86
	EndGlobalSection
	GlobalSection(ProjectConfigurationPlatforms) = postSolution
		{72E1F7C0-9D97-4456-9B48-6969A7C4F353}.Debug|Any CPU.ActiveCfg = Debug|Any CPU
		{72E1F7C0-9D97-4456-9B48-6969A7C4F353}.Debug|Any CPU.Build.0 = Debug|Any CPU
		{72E1F7C0-9D97-4456-9B48-6969A7C4F353}.Debug|x64.ActiveCfg = Debug|Any CPU
		{72E1F7C0-9D97-4456-9B48-6969A7C4F353}.Debug|x64.Build.0 = Debug|Any CPU
		{72E1F7C0-9D97-4456-9B48-6969A7C4F353}.Debug|x86.ActiveCfg = Debug|Any CPU
		{72E1F7C0-9D97-4456-9B48-6969A7C4F353}.Debug|x86.Build.0 = Debug|Any CPU
		{72E1F7C0-9D97-4456-9B48-6969A7C4F353}.Release|Any CPU.ActiveCfg = Release|Any CPU
		{72E1F7C0-9D97-4456-9B48-6969A7C4F353}.Release|Any CPU.Build.0 = Release|Any CPU
		{72E1F7C0-9D97-4456-9B48-6969A7C4F353}.Release|x64.ActiveCfg = Release|Any CPU
		{72E1F7C0-9D97-4456-9B48-6969A7C4F353}.Release|x64.Build.0 = Release|Any CPU
		{72E1F7C0-9D97-4456-9B48-6969A7C4F353}.Release|x86.ActiveCfg = Release|Any CPU
		{72E1F7C0-9D97-4456-9B48-6969A7C4F353}.Release|x86.Build.0 = Release|Any CPU
		{52AFECE5-E0DA-45FD-A3BB-A935D4B43409}.Debug|Any CPU.ActiveCfg = Debug|Any CPU
		{52AFECE5-E0DA-45FD-A3BB-A935D4B43409}.Debug|Any CPU.Build.0 = Debug|Any CPU
		{52AFECE5-E0DA-45FD-A3BB-A935D4B43409}.Debug|x64.ActiveCfg = Debug|Any CPU
		{52AFECE5-E0DA-45FD-A3BB-A935D4B43409}.Debug|x64.Build.0 = Debug|Any CPU
		{52AFECE5-E0DA-45FD-A3BB-A935D4B43409}.Debug|x86.ActiveCfg = Debug|Any CPU
		{52AFECE5-E0DA-45FD-A3BB-A935D4B43409}.Debug|x86.Build.0 = Debug|Any CPU
		{52AFECE5-E0DA-45FD-A3BB-A935D4B43409}.Release|Any CPU.ActiveCfg = Release|Any CPU
		{52AFECE5-E0DA-45FD-A3BB-A935D4B43409}.Release|Any CPU.Build.0 = Release|Any CPU
		{52AFECE5-E0DA-45FD-A3BB-A935D4B43409}.Release|x64.ActiveCfg = Release|Any CPU
		{52AFECE5-E0DA-45FD-A3BB-A935D4B43409}.Release|x64.Build.0 = Release|Any CPU
		{52AFECE5-E0DA-45FD-A3BB-A935D4B43409}.Release|x86.ActiveCfg = Release|Any CPU
		{52AFECE5-E0DA-45FD-A3BB-A935D4B43409}.Release|x86.Build.0 = Release|Any CPU
		{AB6FE565-4FC2-4D28-9A9A-DA400E97B2F9}.Debug|Any CPU.ActiveCfg = Debug|Any CPU
		{AB6FE565-4FC2-4D28-9A9A-DA400E97B2F9}.Debug|Any CPU.Build.0 = Debug|Any CPU
		{AB6FE565-4FC2-4D28-9A9A-DA400E97B2F9}.Debug|x64.ActiveCfg = Debug|Any CPU
		{AB6FE565-4FC2-4D28-9A9A-DA400E97B2F9}.Debug|x64.Build.0 = Debug|Any CPU
		{AB6FE565-4FC2-4D28-9A9A-DA400E97B2F9}.Debug|x86.ActiveCfg = Debug|Any CPU
		{AB6FE565-4FC2-4D28-9A9A-DA400E97B2F9}.Debug|x86.Build.0 = Debug|Any CPU
		{AB6FE565-4FC2-4D28-9A9A-DA400E97B2F9}.Release|Any CPU.ActiveCfg = Release|Any CPU
		{AB6FE565-4FC2-4D28-9A9A-DA400E97B2F9}.Release|Any CPU.Build.0 = Release|Any CPU
		{AB6FE565-4FC2-4D28-9A9A-DA400E97B2F9}.Release|x64.ActiveCfg = Release|Any CPU
		{AB6FE565-4FC2-4D28-9A9A-DA400E97B2F9}.Release|x64.Build.0 = Release|Any CPU
		{AB6FE565-4FC2-4D28-9A9A-DA400E97B2F9}.Release|x86.ActiveCfg = Release|Any CPU
		{AB6FE565-4FC2-4D28-9A9A-DA400E97B2F9}.Release|x86.Build.0 = Release|Any CPU
		{3BC388EE-A78E-4B44-8304-57A51F648D0E}.Debug|Any CPU.ActiveCfg = Debug|Any CPU
		{3BC388EE-A78E-4B44-8304-57A51F648D0E}.Debug|Any CPU.Build.0 = Debug|Any CPU
		{3BC388EE-A78E-4B44-8304-57A51F648D0E}.Debug|x64.ActiveCfg = Debug|Any CPU
		{3BC388EE-A78E-4B44-8304-57A51F648D0E}.Debug|x64.Build.0 = Debug|Any CPU
		{3BC388EE-A78E-4B44-8304-57A51F648D0E}.Debug|x86.ActiveCfg = Debug|Any CPU
		{3BC388EE-A78E-4B44-8304-57A51F648D0E}.Debug|x86.Build.0 = Debug|Any CPU
		{3BC388EE-A78E-4B44-8304-57A51F648D0E}.Release|Any CPU.ActiveCfg = Release|Any CPU
		{3BC388EE-A78E-4B44-8304-57A51F648D0E}.Release|Any CPU.Build.0 = Release|Any CPU
		{3BC388EE-A78E-4B44-8304-57A51F648D0E}.Release|x64.ActiveCfg = Release|Any CPU
		{3BC388EE-A78E-4B44-8304-57A51F648D0E}.Release|x64.Build.0 = Release|Any CPU
		{3BC388EE-A78E-4B44-8304-57A51F648D0E}.Release|x86.ActiveCfg = Release|Any CPU
		{3BC388EE-A78E-4B44-8304-57A51F648D0E}.Release|x86.Build.0 = Release|Any CPU
		{702D6A9F-52C8-4471-8312-4C62C78E5207}.Debug|Any CPU.ActiveCfg = Debug|Any CPU
		{702D6A9F-52C8-4471-8312-4C62C78E5207}.Debug|Any CPU.Build.0 = Debug|Any CPU
		{702D6A9F-52C8-4471-8312-4C62C78E5207}.Debug|x64.ActiveCfg = Debug|Any CPU
		{702D6A9F-52C8-4471-8312-4C62C78E5207}.Debug|x64.Build.0 = Debug|Any CPU
		{702D6A9F-52C8-4471-8312-4C62C78E5207}.Debug|x86.ActiveCfg = Debug|Any CPU
		{702D6A9F-52C8-4471-8312-4C62C78E5207}.Debug|x86.Build.0 = Debug|Any CPU
		{702D6A9F-52C8-4471-8312-4C62C78E5207}.Release|Any CPU.ActiveCfg = Release|Any CPU
		{702D6A9F-52C8-4471-8312-4C62C78E5207}.Release|Any CPU.Build.0 = Release|Any CPU
		{702D6A9F-52C8-4471-8312-4C62C78E5207}.Release|x64.ActiveCfg = Release|Any CPU
		{702D6A9F-52C8-4471-8312-4C62C78E5207}.Release|x64.Build.0 = Release|Any CPU
		{702D6A9F-52C8-4471-8312-4C62C78E5207}.Release|x86.ActiveCfg = Release|Any CPU
		{702D6A9F-52C8-4471-8312-4C62C78E5207}.Release|x86.Build.0 = Release|Any CPU
	EndGlobalSection
	GlobalSection(SolutionProperties) = preSolution
		HideSolutionNode = FALSE
	EndGlobalSection
	GlobalSection(NestedProjects) = preSolution
		{981C2CF6-E5BB-602A-511C-234B538302B0} = {827E0CD3-B72D-47B6-A68D-7590B98EB39B}
		{72E1F7C0-9D97-4456-9B48-6969A7C4F353} = {981C2CF6-E5BB-602A-511C-234B538302B0}
		{C8E42992-5E42-0C2B-DBFE-AA848D06431C} = {827E0CD3-B72D-47B6-A68D-7590B98EB39B}
		{52AFECE5-E0DA-45FD-A3BB-A935D4B43409} = {C8E42992-5E42-0C2B-DBFE-AA848D06431C}
		{EC447DCF-ABFA-6E24-52A5-D7FD48A5C558} = {827E0CD3-B72D-47B6-A68D-7590B98EB39B}
		{2729DC6D-1608-AC2B-0D89-EF16FD55295B} = {EC447DCF-ABFA-6E24-52A5-D7FD48A5C558}
		{AB6FE565-4FC2-4D28-9A9A-DA400E97B2F9} = {2729DC6D-1608-AC2B-0D89-EF16FD55295B}
		{8D84ECC2-B305-6B51-D853-0BCFFBD0EECB} = {EC447DCF-ABFA-6E24-52A5-D7FD48A5C558}
		{3BC388EE-A78E-4B44-8304-57A51F648D0E} = {8D84ECC2-B305-6B51-D853-0BCFFBD0EECB}
		{93E646ED-08DB-65F1-C0C1-3C73F40942E4} = {EC447DCF-ABFA-6E24-52A5-D7FD48A5C558}
		{702D6A9F-52C8-4471-8312-4C62C78E5207} = {93E646ED-08DB-65F1-C0C1-3C73F40942E4}
	EndGlobalSection
EndGlobal
